Microsoft Visual Studio Solution File, Format Version 12.00
# Visual Studio 2012
Project("{FAE04EC0-301F-11D3-BF4B-00C04F79EFBC}") = "Runix Editor", "Runix Editor.csproj", "{B7519EA6-2DF8-44DD-AAF2-4D209D2E3464}"
EndProject
Project("{FAE04EC0-301F-11D3-BF4B-00C04F79EFBC}") = "CompilerProofOfConcept", "..\CompilerProofOfConcept\CompilerProofOfConcept.csproj", "{4D05DA84-C66D-4437-B3F8-250EF7687170}"
EndProject
Global
	GlobalSection(SolutionConfigurationPlatforms) = preSolution
		Debug|Any CPU = Debug|Any CPU
		ExportDebug|Any CPU = ExportDebug|Any CPU
		ExportRelease|Any CPU = ExportRelease|Any CPU
	EndGlobalSection
	GlobalSection(ProjectConfigurationPlatforms) = postSolution
		{B7519EA6-2DF8-44DD-AAF2-4D209D2E3464}.Debug|Any CPU.ActiveCfg = Debug|Any CPU
		{B7519EA6-2DF8-44DD-AAF2-4D209D2E3464}.Debug|Any CPU.Build.0 = Debug|Any CPU
		{B7519EA6-2DF8-44DD-AAF2-4D209D2E3464}.ExportDebug|Any CPU.ActiveCfg = ExportDebug|Any CPU
		{B7519EA6-2DF8-44DD-AAF2-4D209D2E3464}.ExportDebug|Any CPU.Build.0 = ExportDebug|Any CPU
		{B7519EA6-2DF8-44DD-AAF2-4D209D2E3464}.ExportRelease|Any CPU.ActiveCfg = ExportRelease|Any CPU
		{B7519EA6-2DF8-44DD-AAF2-4D209D2E3464}.ExportRelease|Any CPU.Build.0 = ExportRelease|Any CPU
		{4D05DA84-C66D-4437-B3F8-250EF7687170}.Debug|Any CPU.ActiveCfg = Debug|Any CPU
		{4D05DA84-C66D-4437-B3F8-250EF7687170}.Debug|Any CPU.Build.0 = Debug|Any CPU
		{4D05DA84-C66D-4437-B3F8-250EF7687170}.ExportDebug|Any CPU.ActiveCfg = Debug|Any CPU
		{4D05DA84-C66D-4437-B3F8-250EF7687170}.ExportDebug|Any CPU.Build.0 = Debug|Any CPU
		{4D05DA84-C66D-4437-B3F8-250EF7687170}.ExportRelease|Any CPU.ActiveCfg = Debug|Any CPU
		{4D05DA84-C66D-4437-B3F8-250EF7687170}.ExportRelease|Any CPU.Build.0 = Debug|Any CPU
	EndGlobalSection
EndGlobal
